
Microsoft Visual Studio Solution File, Format Version 12.00
# Visual Studio Version 17
VisualStudioVersion = 17.0.31612.314
MinimumVisualStudioVersion = 10.0.40219.1
Project("{9A19103F-16F7-4668-BE54-9A1E7A4F7556}") = "Furion", "Furion\Furion.csproj", "{C20A1124-D08A-47D6-9287-772BFD1FB235}"
EndProject
Project("{9A19103F-16F7-4668-BE54-9A1E7A4F7556}") = "Furion.Extras.DependencyModel.CodeAnalysis", "Furion.Extras.DependencyModel.CodeAnalysis\Furion.Extras.DependencyModel.CodeAnalysis.csproj", "{4ACD5D28-2A20-495A-85AE-858CCE540A5B}"
EndProject
Project("{9A19103F-16F7-4668-BE54-9A1E7A4F7556}") = "Furion.Extras.Authentication.JwtBearer", "Furion.Extras.Authentication.JwtBearer\Furion.Extras.Authentication.JwtBearer.csproj", "{031FDDEA-26FD-4947-8F36-FF1966EE553D}"
EndProject
Project("{9A19103F-16F7-4668-BE54-9A1E7A4F7556}") = "Furion.Extras.DatabaseAccessor.SqlSugar", "Furion.Extras.DatabaseAccessor.SqlSugar\Furion.Extras.DatabaseAccessor.SqlSugar.csproj", "{9690B60C-1EB7-4638-BBD8-F04269CE340C}"
EndProject
Project("{9A19103F-16F7-4668-BE54-9A1E7A4F7556}") = "Furion.Extras.ObjectMapper.Mapster", "Furion.Extras.ObjectMapper.Mapster\Furion.Extras.ObjectMapper.Mapster.csproj", "{30CADCB5-099F-40A1-A5BF-4A609534D602}"
EndProject
Project("{9A19103F-16F7-4668-BE54-9A1E7A4F7556}") = "Furion.Extras.Logging.Serilog", "Furion.Extras.Logging.Serilog\Furion.Extras.Logging.Serilog.csproj", "{6F3B7C70-DE29-497D-AB11-70C6B00011FF}"
EndProject
Project("{9A19103F-16F7-4668-BE54-9A1E7A4F7556}") = "Furion.Extras.DatabaseAccessor.Dapper", "Furion.Extras.DatabaseAccessor.Dapper\Furion.Extras.DatabaseAccessor.Dapper.csproj", "{70C2FD6B-5494-41CD-992D-AA7653499D19}"
EndProject
Project("{2150E333-8FDC-42A3-9474-1A3956D46DE8}") = "Tests", "Tests", "{193E87DF-D561-4E56-9CE5-BBFB1A7EB827}"
EndProject
Project("{9A19103F-16F7-4668-BE54-9A1E7A4F7556}") = "Furion.Extras.DatabaseAccessor.MongoDB", "Furion.Extras.DatabaseAccessor.MongoDB\Furion.Extras.DatabaseAccessor.MongoDB.csproj", "{0D9E1608-D869-4262-9822-B1264A0248E4}"
EndProject
Project("{2150E333-8FDC-42A3-9474-1A3956D46DE8}") = "Solution Items", "Solution Items", "{69262D94-2C3B-4B8D-8FBF-827BD880452E}"
	ProjectSection(SolutionItems) = preProject
		.editorconfig = .editorconfig
	EndProjectSection
EndProject
Project("{9A19103F-16F7-4668-BE54-9A1E7A4F7556}") = "Furion.Pure", "Furion.Pure\Furion.Pure.csproj", "{DD5383A6-AE13-4A4E-A6CB-BC27D292FCBB}"
EndProject
Project("{9A19103F-16F7-4668-BE54-9A1E7A4F7556}") = "Furion.Pure.Extras.DependencyModel.CodeAnalysis", "Furion.Pure.Extras.DependencyModel.CodeAnalysis\Furion.Pure.Extras.DependencyModel.CodeAnalysis.csproj", "{24D5D6B1-EA5B-47DF-9915-6BF36196D9B7}"
EndProject
Project("{9A19103F-16F7-4668-BE54-9A1E7A4F7556}") = "Furion.UnitTests", "..\tests\Furion.UnitTests\Furion.UnitTests.csproj", "{BE9F6374-929F-4541-811A-08D9B971CAC7}"
EndProject
Project("{9A19103F-16F7-4668-BE54-9A1E7A4F7556}") = "Furion.IntegrationTests", "..\tests\Furion.IntegrationTests\Furion.IntegrationTests.csproj", "{F6D6D551-E436-480B-A334-7FD6DADD01D1}"
EndProject
Project("{9A19103F-16F7-4668-BE54-9A1E7A4F7556}") = "Furion.TestProject", "..\tests\Furion.TestProject\Furion.TestProject.csproj", "{323F958E-8900-489D-BF47-2540A1DF10BA}"
EndProject
Project("{9A19103F-16F7-4668-BE54-9A1E7A4F7556}") = "Furion.Xunit", "Furion.Xunit\Furion.Xunit.csproj", "{C447D8F5-615F-44F2-8826-2B3EB2409EF5}"
EndProject
Project("{9A19103F-16F7-4668-BE54-9A1E7A4F7556}") = "Furion.Pure.Xunit", "Furion.Pure.Xunit\Furion.Pure.Xunit.csproj", "{F0759A86-8D57-4053-BC38-BED2BF2FE431}"
EndProject
Global
	GlobalSection(SolutionConfigurationPlatforms) = preSolution
		Debug|Any CPU = Debug|Any CPU
		Release|Any CPU = Release|Any CPU
	EndGlobalSection
	GlobalSection(ProjectConfigurationPlatforms) = postSolution
		{C20A1124-D08A-47D6-9287-772BFD1FB235}.Debug|Any CPU.ActiveCfg = Debug|Any CPU
		{C20A1124-D08A-47D6-9287-772BFD1FB235}.Debug|Any CPU.Build.0 = Debug|Any CPU
		{C20A1124-D08A-47D6-9287-772BFD1FB235}.Release|Any CPU.ActiveCfg = Release|Any CPU
		{C20A1124-D08A-47D6-9287-772BFD1FB235}.Release|Any CPU.Build.0 = Release|Any CPU
		{4ACD5D28-2A20-495A-85AE-858CCE540A5B}.Debug|Any CPU.ActiveCfg = Debug|Any CPU
		{4ACD5D28-2A20-495A-85AE-858CCE540A5B}.Debug|Any CPU.Build.0 = Debug|Any CPU
		{4ACD5D28-2A20-495A-85AE-858CCE540A5B}.Release|Any CPU.ActiveCfg = Release|Any CPU
		{4ACD5D28-2A20-495A-85AE-858CCE540A5B}.Release|Any CPU.Build.0 = Release|Any CPU
		{031FDDEA-26FD-4947-8F36-FF1966EE553D}.Debug|Any CPU.ActiveCfg = Debug|Any CPU
		{031FDDEA-26FD-4947-8F36-FF1966EE553D}.Debug|Any CPU.Build.0 = Debug|Any CPU
		{031FDDEA-26FD-4947-8F36-FF1966EE553D}.Release|Any CPU.ActiveCfg = Release|Any CPU
		{031FDDEA-26FD-4947-8F36-FF1966EE553D}.Release|Any CPU.Build.0 = Release|Any CPU
		{9690B60C-1EB7-4638-BBD8-F04269CE340C}.Debug|Any CPU.ActiveCfg = Debug|Any CPU
		{9690B60C-1EB7-4638-BBD8-F04269CE340C}.Debug|Any CPU.Build.0 = Debug|Any CPU
		{9690B60C-1EB7-4638-BBD8-F04269CE340C}.Release|Any CPU.ActiveCfg = Release|Any CPU
		{9690B60C-1EB7-4638-BBD8-F04269CE340C}.Release|Any CPU.Build.0 = Release|Any CPU
		{30CADCB5-099F-40A1-A5BF-4A609534D602}.Debug|Any CPU.ActiveCfg = Debug|Any CPU
		{30CADCB5-099F-40A1-A5BF-4A609534D602}.Debug|Any CPU.Build.0 = Debug|Any CPU
		{30CADCB5-099F-40A1-A5BF-4A609534D602}.Release|Any CPU.ActiveCfg = Release|Any CPU
		{30CADCB5-099F-40A1-A5BF-4A609534D602}.Release|Any CPU.Build.0 = Release|Any CPU
		{6F3B7C70-DE29-497D-AB11-70C6B00011FF}.Debug|Any CPU.ActiveCfg = Debug|Any CPU
		{6F3B7C70-DE29-497D-AB11-70C6B00011FF}.Debug|Any CPU.Build.0 = Debug|Any CPU
		{6F3B7C70-DE29-497D-AB11-70C6B00011FF}.Release|Any CPU.ActiveCfg = Release|Any CPU
		{6F3B7C70-DE29-497D-AB11-70C6B00011FF}.Release|Any CPU.Build.0 = Release|Any CPU
		{70C2FD6B-5494-41CD-992D-AA7653499D19}.Debug|Any CPU.ActiveCfg = Debug|Any CPU
		{70C2FD6B-5494-41CD-992D-AA7653499D19}.Debug|Any CPU.Build.0 = Debug|Any CPU
		{70C2FD6B-5494-41CD-992D-AA7653499D19}.Release|Any CPU.ActiveCfg = Release|Any CPU
		{70C2FD6B-5494-41CD-992D-AA7653499D19}.Release|Any CPU.Build.0 = Release|Any CPU
		{0D9E1608-D869-4262-9822-B1264A0248E4}.Debug|Any CPU.ActiveCfg = Debug|Any CPU
		{0D9E1608-D869-4262-9822-B1264A0248E4}.Debug|Any CPU.Build.0 = Debug|Any CPU
		{0D9E1608-D869-4262-9822-B1264A0248E4}.Release|Any CPU.ActiveCfg = Release|Any CPU
		{0D9E1608-D869-4262-9822-B1264A0248E4}.Release|Any CPU.Build.0 = Release|Any CPU
		{DD5383A6-AE13-4A4E-A6CB-BC27D292FCBB}.Debug|Any CPU.ActiveCfg = Debug|Any CPU
		{DD5383A6-AE13-4A4E-A6CB-BC27D292FCBB}.Debug|Any CPU.Build.0 = Debug|Any CPU
		{DD5383A6-AE13-4A4E-A6CB-BC27D292FCBB}.Release|Any CPU.ActiveCfg = Release|Any CPU
		{DD5383A6-AE13-4A4E-A6CB-BC27D292FCBB}.Release|Any CPU.Build.0 = Release|Any CPU
		{24D5D6B1-EA5B-47DF-9915-6BF36196D9B7}.Debug|Any CPU.ActiveCfg = Debug|Any CPU
		{24D5D6B1-EA5B-47DF-9915-6BF36196D9B7}.Debug|Any CPU.Build.0 = Debug|Any CPU
		{24D5D6B1-EA5B-47DF-9915-6BF36196D9B7}.Release|Any CPU.ActiveCfg = Release|Any CPU
		{24D5D6B1-EA5B-47DF-9915-6BF36196D9B7}.Release|Any CPU.Build.0 = Release|Any CPU
		{BE9F6374-929F-4541-811A-08D9B971CAC7}.Debug|Any CPU.ActiveCfg = Debug|Any CPU
		{BE9F6374-929F-4541-811A-08D9B971CAC7}.Debug|Any CPU.Build.0 = Debug|Any CPU
		{BE9F6374-929F-4541-811A-08D9B971CAC7}.Release|Any CPU.ActiveCfg = Release|Any CPU
		{BE9F6374-929F-4541-811A-08D9B971CAC7}.Release|Any CPU.Build.0 = Release|Any CPU
		{F6D6D551-E436-480B-A334-7FD6DADD01D1}.Debug|Any CPU.ActiveCfg = Debug|Any CPU
		{F6D6D551-E436-480B-A334-7FD6DADD01D1}.Debug|Any CPU.Build.0 = Debug|Any CPU
		{F6D6D551-E436-480B-A334-7FD6DADD01D1}.Release|Any CPU.ActiveCfg = Release|Any CPU
		{F6D6D551-E436-480B-A334-7FD6DADD01D1}.Release|Any CPU.Build.0 = Release|Any CPU
		{323F958E-8900-489D-BF47-2540A1DF10BA}.Debug|Any CPU.ActiveCfg = Debug|Any CPU
		{323F958E-8900-489D-BF47-2540A1DF10BA}.Debug|Any CPU.Build.0 = Debug|Any CPU
		{323F958E-8900-489D-BF47-2540A1DF10BA}.Release|Any CPU.ActiveCfg = Release|Any CPU
		{323F958E-8900-489D-BF47-2540A1DF10BA}.Release|Any CPU.Build.0 = Release|Any CPU
		{C447D8F5-615F-44F2-8826-2B3EB2409EF5}.Debug|Any CPU.ActiveCfg = Debug|Any CPU
		{C447D8F5-615F-44F2-8826-2B3EB2409EF5}.Debug|Any CPU.Build.0 = Debug|Any CPU
		{C447D8F5-615F-44F2-8826-2B3EB2409EF5}.Release|Any CPU.ActiveCfg = Release|Any CPU
		{C447D8F5-615F-44F2-8826-2B3EB2409EF5}.Release|Any CPU.Build.0 = Release|Any CPU
		{F0759A86-8D57-4053-BC38-BED2BF2FE431}.Debug|Any CPU.ActiveCfg = Debug|Any CPU
		{F0759A86-8D57-4053-BC38-BED2BF2FE431}.Debug|Any CPU.Build.0 = Debug|Any CPU
		{F0759A86-8D57-4053-BC38-BED2BF2FE431}.Release|Any CPU.ActiveCfg = Release|Any CPU
		{F0759A86-8D57-4053-BC38-BED2BF2FE431}.Release|Any CPU.Build.0 = Release|Any CPU
	EndGlobalSection
	GlobalSection(SolutionProperties) = preSolution
		HideSolutionNode = FALSE
	EndGlobalSection
	GlobalSection(NestedProjects) = preSolution
		{BE9F6374-929F-4541-811A-08D9B971CAC7} = {193E87DF-D561-4E56-9CE5-BBFB1A7EB827}
		{F6D6D551-E436-480B-A334-7FD6DADD01D1} = {193E87DF-D561-4E56-9CE5-BBFB1A7EB827}
		{323F958E-8900-489D-BF47-2540A1DF10BA} = {193E87DF-D561-4E56-9CE5-BBFB1A7EB827}
	EndGlobalSection
	GlobalSection(ExtensibilityGlobals) = postSolution
		SolutionGuid = {B2073C2C-0FD3-452B-8047-8134D68E12CE}
	EndGlobalSection
EndGlobal
