
Microsoft Visual Studio Solution File, Format Version 12.00
# Visual Studio Version 16
VisualStudioVersion = 16.0.30626.31
MinimumVisualStudioVersion = 15.0.26124.0
Project("{9A19103F-16F7-4668-BE54-9A1E7A4F7556}") = "Fur.Extras.Authentication.JwtBearer", "Fur.Extras.Authentication.JwtBearer\Fur.Extras.Authentication.JwtBearer.csproj", "{284DE6AE-2CFF-4FD5-8D3F-79E033E39CEC}"
EndProject
Project("{FAE04EC0-301F-11D3-BF4B-00C04F79EFBC}") = "Fur.Extras.DependencyModel.CodeAnalysis", "Fur.Extras.DependencyModel.CodeAnalysis\Fur.Extras.DependencyModel.CodeAnalysis.csproj", "{2D70E6EA-98A9-43EE-AA81-98FA4C59FEA5}"
EndProject
Global
	GlobalSection(SolutionConfigurationPlatforms) = preSolution
		Debug|Any CPU = Debug|Any CPU
		Debug|x64 = Debug|x64
		Debug|x86 = Debug|x86
		Release|Any CPU = Release|Any CPU
		Release|x64 = Release|x64
		Release|x86 = Release|x86
	EndGlobalSection
	GlobalSection(ProjectConfigurationPlatforms) = postSolution
		{284DE6AE-2CFF-4FD5-8D3F-79E033E39CEC}.Debug|Any CPU.ActiveCfg = Debug|Any CPU
		{284DE6AE-2CFF-4FD5-8D3F-79E033E39CEC}.Debug|Any CPU.Build.0 = Debug|Any CPU
		{284DE6AE-2CFF-4FD5-8D3F-79E033E39CEC}.Debug|x64.ActiveCfg = Debug|Any CPU
		{284DE6AE-2CFF-4FD5-8D3F-79E033E39CEC}.Debug|x64.Build.0 = Debug|Any CPU
		{284DE6AE-2CFF-4FD5-8D3F-79E033E39CEC}.Debug|x86.ActiveCfg = Debug|Any CPU
		{284DE6AE-2CFF-4FD5-8D3F-79E033E39CEC}.Debug|x86.Build.0 = Debug|Any CPU
		{284DE6AE-2CFF-4FD5-8D3F-79E033E39CEC}.Release|Any CPU.ActiveCfg = Release|Any CPU
		{284DE6AE-2CFF-4FD5-8D3F-79E033E39CEC}.Release|Any CPU.Build.0 = Release|Any CPU
		{284DE6AE-2CFF-4FD5-8D3F-79E033E39CEC}.Release|x64.ActiveCfg = Release|Any CPU
		{284DE6AE-2CFF-4FD5-8D3F-79E033E39CEC}.Release|x64.Build.0 = Release|Any CPU
		{284DE6AE-2CFF-4FD5-8D3F-79E033E39CEC}.Release|x86.ActiveCfg = Release|Any CPU
		{284DE6AE-2CFF-4FD5-8D3F-79E033E39CEC}.Release|x86.Build.0 = Release|Any CPU
		{2D70E6EA-98A9-43EE-AA81-98FA4C59FEA5}.Debug|Any CPU.ActiveCfg = Debug|Any CPU
		{2D70E6EA-98A9-43EE-AA81-98FA4C59FEA5}.Debug|Any CPU.Build.0 = Debug|Any CPU
		{2D70E6EA-98A9-43EE-AA81-98FA4C59FEA5}.Debug|x64.ActiveCfg = Debug|Any CPU
		{2D70E6EA-98A9-43EE-AA81-98FA4C59FEA5}.Debug|x64.Build.0 = Debug|Any CPU
		{2D70E6EA-98A9-43EE-AA81-98FA4C59FEA5}.Debug|x86.ActiveCfg = Debug|Any CPU
		{2D70E6EA-98A9-43EE-AA81-98FA4C59FEA5}.Debug|x86.Build.0 = Debug|Any CPU
		{2D70E6EA-98A9-43EE-AA81-98FA4C59FEA5}.Release|Any CPU.ActiveCfg = Release|Any CPU
		{2D70E6EA-98A9-43EE-AA81-98FA4C59FEA5}.Release|Any CPU.Build.0 = Release|Any CPU
		{2D70E6EA-98A9-43EE-AA81-98FA4C59FEA5}.Release|x64.ActiveCfg = Release|Any CPU
		{2D70E6EA-98A9-43EE-AA81-98FA4C59FEA5}.Release|x64.Build.0 = Release|Any CPU
		{2D70E6EA-98A9-43EE-AA81-98FA4C59FEA5}.Release|x86.ActiveCfg = Release|Any CPU
		{2D70E6EA-98A9-43EE-AA81-98FA4C59FEA5}.Release|x86.Build.0 = Release|Any CPU
	EndGlobalSection
	GlobalSection(SolutionProperties) = preSolution
		HideSolutionNode = FALSE
	EndGlobalSection
	GlobalSection(ExtensibilityGlobals) = postSolution
		SolutionGuid = {46D010C2-335F-4CEA-81C3-231D865BBA57}
	EndGlobalSection
EndGlobal
