
Microsoft Visual Studio Solution File, Format Version 12.00
# Visual Studio Version 17
VisualStudioVersion = 17.0.31612.314
MinimumVisualStudioVersion = 10.0.40219.1
Project("{9A19103F-16F7-4668-BE54-9A1E7A4F7556}") = "Furion.Tools", "Furion.Tools\Furion.Tools.csproj", "{0FBC9092-8F93-43A3-BCCE-97F56AFC7E42}"
EndProject
Project("{9A19103F-16F7-4668-BE54-9A1E7A4F7556}") = "Furion.Tools.CommandLine", "Furion.Tools.CommandLine\Furion.Tools.CommandLine.csproj", "{576F6D9F-BB49-4925-9F8F-7CD62B82A34D}"
EndProject
Project("{2150E333-8FDC-42A3-9474-1A3956D46DE8}") = "Solution Items", "Solution Items", "{2B816959-B1A7-4F9B-B5A6-E0FF62211869}"
	ProjectSection(SolutionItems) = preProject
		..\..\framework\.editorconfig = ..\..\framework\.editorconfig
	EndProjectSection
EndProject
Global
	GlobalSection(SolutionConfigurationPlatforms) = preSolution
		Debug|Any CPU = Debug|Any CPU
		Release|Any CPU = Release|Any CPU
	EndGlobalSection
	GlobalSection(ProjectConfigurationPlatforms) = postSolution
		{0FBC9092-8F93-43A3-BCCE-97F56AFC7E42}.Debug|Any CPU.ActiveCfg = Debug|Any CPU
		{0FBC9092-8F93-43A3-BCCE-97F56AFC7E42}.Debug|Any CPU.Build.0 = Debug|Any CPU
		{0FBC9092-8F93-43A3-BCCE-97F56AFC7E42}.Release|Any CPU.ActiveCfg = Release|Any CPU
		{0FBC9092-8F93-43A3-BCCE-97F56AFC7E42}.Release|Any CPU.Build.0 = Release|Any CPU
		{576F6D9F-BB49-4925-9F8F-7CD62B82A34D}.Debug|Any CPU.ActiveCfg = Debug|Any CPU
		{576F6D9F-BB49-4925-9F8F-7CD62B82A34D}.Debug|Any CPU.Build.0 = Debug|Any CPU
		{576F6D9F-BB49-4925-9F8F-7CD62B82A34D}.Release|Any CPU.ActiveCfg = Release|Any CPU
		{576F6D9F-BB49-4925-9F8F-7CD62B82A34D}.Release|Any CPU.Build.0 = Release|Any CPU
	EndGlobalSection
	GlobalSection(SolutionProperties) = preSolution
		HideSolutionNode = FALSE
	EndGlobalSection
	GlobalSection(ExtensibilityGlobals) = postSolution
		SolutionGuid = {68E059E6-47A3-46BC-8BDE-E5DB98CF838F}
	EndGlobalSection
EndGlobal
